
Microsoft Visual Studio Solution File, Format Version 12.00
# Visual Studio Version 16
VisualStudioVersion = 16.0.29306.81
MinimumVisualStudioVersion = 10.0.40219.1
Project("{FAE04EC0-301F-11D3-BF4B-00C04F79EFBC}") = "SuperHero", "SuperHero\SuperHero.csproj", "{49485059-6214-430B-909F-39C2217B88CA}"
EndProject
Global
	GlobalSection(SolutionConfigurationPlatforms) = preSolution
		Debug|Any CPU = Debug|Any CPU
		Release|Any CPU = Release|Any CPU
	EndGlobalSection
	GlobalSection(ProjectConfigurationPlatforms) = postSolution
		{49485059-6214-430B-909F-39C2217B88CA}.Debug|Any CPU.ActiveCfg = Debug|Any CPU
		{49485059-6214-430B-909F-39C2217B88CA}.Debug|Any CPU.Build.0 = Debug|Any CPU
		{49485059-6214-430B-909F-39C2217B88CA}.Release|Any CPU.ActiveCfg = Release|Any CPU
		{49485059-6214-430B-909F-39C2217B88CA}.Release|Any CPU.Build.0 = Release|Any CPU
	EndGlobalSection
	GlobalSection(SolutionProperties) = preSolution
		HideSolutionNode = FALSE
	EndGlobalSection
	GlobalSection(ExtensibilityGlobals) = postSolution
		SolutionGuid = {EC57070B-0C14-41AB-BA60-CA60CAB57057}
	EndGlobalSection
EndGlobal
