
Microsoft Visual Studio Solution File, Format Version 12.00
# Visual Studio Version 16
VisualStudioVersion = 16.0.29306.81
MinimumVisualStudioVersion = 10.0.40219.1
Project("{FAE04EC0-301F-11D3-BF4B-00C04F79EFBC}") = "AnotherSuperHeroProject", "AnotherSuperHeroProject\AnotherSuperHeroProject.csproj", "{0D88459A-4ECF-4671-8FC0-F44284BDC12C}"
EndProject
Global
	GlobalSection(SolutionConfigurationPlatforms) = preSolution
		Debug|Any CPU = Debug|Any CPU
		Release|Any CPU = Release|Any CPU
	EndGlobalSection
	GlobalSection(ProjectConfigurationPlatforms) = postSolution
		{0D88459A-4ECF-4671-8FC0-F44284BDC12C}.Debug|Any CPU.ActiveCfg = Debug|Any CPU
		{0D88459A-4ECF-4671-8FC0-F44284BDC12C}.Debug|Any CPU.Build.0 = Debug|Any CPU
		{0D88459A-4ECF-4671-8FC0-F44284BDC12C}.Release|Any CPU.ActiveCfg = Release|Any CPU
		{0D88459A-4ECF-4671-8FC0-F44284BDC12C}.Release|Any CPU.Build.0 = Release|Any CPU
	EndGlobalSection
	GlobalSection(SolutionProperties) = preSolution
		HideSolutionNode = FALSE
	EndGlobalSection
	GlobalSection(ExtensibilityGlobals) = postSolution
		SolutionGuid = {39628254-69F1-4020-B011-9D1B418FD36E}
	EndGlobalSection
EndGlobal
